# This file is automatically @generated by Poetry 1.8.2 and should not be changed by hand.

[[package]]
name = "more-itertools"
version = "10.7.0"
description = "More routines for operating on iterables, beyond itertools"
optional = false
python-versions = ">=3.9"
files = [
    {file = "more_itertools-10.7.0-py3-none-any.whl", hash = "sha256:d43980384673cb07d2f7d2d918c616b30c659c089ee23953f601d6609c67510e"},
    {file = "more_itertools-10.7.0.tar.gz", hash = "sha256:9fddd5403be01a94b204faadcff459ec3568cf110265d3c54323e1e866ad29d3"},
]

[metadata]
lock-version = "2.0"
python-versions = "^3.12"
content-hash = "dc32a6973a4cbaf7c453114806d4c61b7d2f14940acee9f5b9fa96e5b62f0419"
